{
  "name": "unloop-database-dynamo",
  "version": "1.0.4",
  "lockfileVersion": 1,
  "requires": true,
  "dependencies": {
    "unloop-batch-request": {
      "version": "1.0.4",
      "resolved": "https://registry.npmjs.org/unloop-batch-request/-/unloop-batch-request-1.0.4.tgz",
      "integrity": "sha512-fuGvafjRb50D+fFA7qPPM/05PW5pN4kOACF0/BLqUe6Y4OTHM4hHC5vSG9faIZpoTuK9EOa2zwwwgM6dRFi4GQ=="
    }
  }
}
